
Microsoft Visual Studio Solution File, Format Version 12.00
# Visual Studio Version 16
VisualStudioVersion = 16.0.31019.35
MinimumVisualStudioVersion = 10.0.40219.1
Project("{FAE04EC0-301F-11D3-BF4B-00C04F79EFBC}") = "TWS_BOT", "TWS_BOT.csproj", "{9A80504A-4EED-49D5-B59A-1DF8B77B742D}"
EndProject
Project("{FAE04EC0-301F-11D3-BF4B-00C04F79EFBC}") = "CSharpAPI", "..\..\..\..\..\TWS API\source\CSharpClient\client\CSharpAPI.csproj", "{8EDE0744-96C2-40B0-A8DC-37DF79370203}"
EndProject
Global
	GlobalSection(SolutionConfigurationPlatforms) = preSolution
		Debug|Any CPU = Debug|Any CPU
		Release|Any CPU = Release|Any CPU
	EndGlobalSection
	GlobalSection(ProjectConfigurationPlatforms) = postSolution
		{9A80504A-4EED-49D5-B59A-1DF8B77B742D}.Debug|Any CPU.ActiveCfg = Debug|Any CPU
		{9A80504A-4EED-49D5-B59A-1DF8B77B742D}.Debug|Any CPU.Build.0 = Debug|Any CPU
		{9A80504A-4EED-49D5-B59A-1DF8B77B742D}.Release|Any CPU.ActiveCfg = Release|Any CPU
		{9A80504A-4EED-49D5-B59A-1DF8B77B742D}.Release|Any CPU.Build.0 = Release|Any CPU
		{8EDE0744-96C2-40B0-A8DC-37DF79370203}.Debug|Any CPU.ActiveCfg = Debug|Any CPU
		{8EDE0744-96C2-40B0-A8DC-37DF79370203}.Debug|Any CPU.Build.0 = Debug|Any CPU
		{8EDE0744-96C2-40B0-A8DC-37DF79370203}.Release|Any CPU.ActiveCfg = Release|Any CPU
		{8EDE0744-96C2-40B0-A8DC-37DF79370203}.Release|Any CPU.Build.0 = Release|Any CPU
	EndGlobalSection
	GlobalSection(SolutionProperties) = preSolution
		HideSolutionNode = FALSE
	EndGlobalSection
	GlobalSection(ExtensibilityGlobals) = postSolution
		SolutionGuid = {EC8C4AD5-9067-4D2D-B61F-CBD733FB8654}
	EndGlobalSection
EndGlobal
